dependencies:
  espressif/esp_lcd_touch:
    component_hash: 6cc76832cda51d73353a7e8d7aa07073d6cdb75b1ad66e2d98badd768f6c830a
    source:
      service_url: https://api.components.espressif.com/
      type: service
    version: 1.1.0
  espressif/esp_lcd_touch_ft5x06:
    component_hash: 97759953d9436a365e9427078c5b04ecce4e6a50f50cf62c68cd6bfa229b812c
    source:
      service_url: https://api.components.espressif.com/
      type: service
    version: 1.0.6
  idf:
    component_hash: null
    source:
      type: idf
    version: 5.1.1
manifest_hash: 6ac821b2b4bd1994db25564356939a5b026c17271ef570077102574318bcd99b
target: esp32s3
version: 1.0.0
